{
  "name": "gabrielhdneves",
  "version": "1.0.0",
  "lockfileVersion": 2,
  "requires": true,
  "packages": {
    "": {
      "name": "gabrielhdneves",
      "version": "1.0.0",
      "license": "MIT",
      "dependencies": {
        "gabrielhdneves": "^1.0.0"
      },
      "bin": {
        "gabrielhdneves": "index.js"
      }
    },
    "node_modules/gabrielhdneves": {
      "version": "1.0.0",
      "resolved": "https://registry.npmjs.org/gabrielhdneves/-/gabrielhdneves-1.0.0.tgz",
      "integrity": "sha512-cbnQkvPJS6XztERpoUk78J2P72aDANysdMeXHNUzX5/3uqWtCGYJM0nmslz7fFnhYGACCkax3MyaN9hX3Natvg==",
      "bin": {
        "gabrielhdneves": "index.js"
      }
    }
  },
  "dependencies": {
    "gabrielhdneves": {
      "version": "1.0.0",
      "resolved": "https://registry.npmjs.org/gabrielhdneves/-/gabrielhdneves-1.0.0.tgz",
      "integrity": "sha512-cbnQkvPJS6XztERpoUk78J2P72aDANysdMeXHNUzX5/3uqWtCGYJM0nmslz7fFnhYGACCkax3MyaN9hX3Natvg=="
    }
  }
}
